
Microsoft Visual Studio Solution File, Format Version 9.00
# Visual Studio 2005
Project("{E24C65DC-7377-472B-9ABA-BC803B73C61A}") = "Website", "Website", "{25D83E24-DC04-4ED5-999E-01120AC716B9}"
	ProjectSection(WebsiteProperties) = preProject
		Debug.AspNetCompiler.VirtualPath = "/SystemInformation"
		Debug.AspNetCompiler.PhysicalPath = "Website"
		Debug.AspNetCompiler.TargetPath = "PrecompiledWeb\SystemInformation\"
		Debug.AspNetCompiler.Updateable = "true"
		Debug.AspNetCompiler.ForceOverwrite = "true"
		Debug.AspNetCompiler.FixedNames = "false"
		Debug.AspNetCompiler.Debug = "True"
		Release.AspNetCompiler.VirtualPath = "/SystemInformation"
		Release.AspNetCompiler.PhysicalPath = "Website"
		Release.AspNetCompiler.TargetPath = "PrecompiledWeb\SystemInformation\"
		Release.AspNetCompiler.Updateable = "true"
		Release.AspNetCompiler.ForceOverwrite = "true"
		Release.AspNetCompiler.FixedNames = "false"
		Release.AspNetCompiler.Debug = "False"
		VWDPort = "1164"
		DefaultWebSiteLanguage = "Visual C#"
	EndProjectSection
EndProject
Global
	GlobalSection(SolutionConfigurationPlatforms) = preSolution
		Debug|.NET = Debug|.NET
	EndGlobalSection
	GlobalSection(ProjectConfigurationPlatforms) = postSolution
		{25D83E24-DC04-4ED5-999E-01120AC716B9}.Debug|.NET.ActiveCfg = Debug|.NET
		{25D83E24-DC04-4ED5-999E-01120AC716B9}.Debug|.NET.Build.0 = Debug|.NET
	EndGlobalSection
	GlobalSection(SolutionProperties) = preSolution
		HideSolutionNode = FALSE
	EndGlobalSection
EndGlobal
